PODS:
  - Flutter (1.0.0)
  - flutter_asa_attribution (1.1.0):
    - Flutter

DEPENDENCIES:
  - Flutter (from `Flutter`)
  - flutter_asa_attribution (from `.symlinks/plugins/flutter_asa_attribution/ios`)

EXTERNAL SOURCES:
  Flutter:
    :path: Flutter
  flutter_asa_attribution:
    :path: ".symlinks/plugins/flutter_asa_attribution/ios"

SPEC CHECKSUMS:
  Flutter: cabc95a1d2626b1b06e7179b784ebcf0c0cde467
  flutter_asa_attribution: c5977872d8fbbb146f51d8cce594aab111a6ba8c

PODFILE CHECKSUM: d85ddc5f90e8c593f9dc16ef40fc88253b4f8f6b

COCOAPODS: 1.16.2
